// !$*UTF8*$!
{
	archiveVersion = 1;
	classes = {
	};
	objectVersion = 56;
	objects = {

/* Begin PBXBuildFile section */
		62304D8D2A4450F1004D5127 /* AppDelegate.swift in Sources */ = {isa = PBXBuildFile; fileRef = 62304D8C2A4450F1004D5127 /* AppDelegate.swift */; };
		62304D8F2A4450F1004D5127 /* SceneDelegate.swift in Sources */ = {isa = PBXBuildFile; fileRef = 62304D8E2A4450F1004D5127 /* SceneDelegate.swift */; };
		62304D962A4450F2004D5127 /* Assets.xcassets in Resources */ = {isa = PBXBuildFile; fileRef = 62304D952A4450F2004D5127 /* Assets.xcassets */; };
		62304D992A4450F2004D5127 /* LaunchScreen.storyboard in Resources */ = {isa = PBXBuildFile; fileRef = 62304D972A4450F2004D5127 /* LaunchScreen.storyboard */; };
		62304DA82A445399004D5127 /* MenuViewController.swift in Sources */ = {isa = PBXBuildFile; fileRef = 62304DA72A445399004D5127 /* MenuViewController.swift */; };
		62304DAA2A4453CC004D5127 /* MenuPresenter.swift in Sources */ = {isa = PBXBuildFile; fileRef = 62304DA92A4453CC004D5127 /* MenuPresenter.swift */; };
		62304DAC2A4453DF004D5127 /* MenuInteractor.swift in Sources */ = {isa = PBXBuildFile; fileRef = 62304DAB2A4453DF004D5127 /* MenuInteractor.swift */; };
		62304DB12A44573C004D5127 /* AppRouter.swift in Sources */ = {isa = PBXBuildFile; fileRef = 62304DB02A44573C004D5127 /* AppRouter.swift */; };
		62304DB62A44666E004D5127 /* TabBarController.swift in Sources */ = {isa = PBXBuildFile; fileRef = 62304DB52A44666E004D5127 /* TabBarController.swift */; };
		62304DB92A4466BE004D5127 /* R.swift in Sources */ = {isa = PBXBuildFile; fileRef = 62304DB82A4466BE004D5127 /* R.swift */; };
		62304DBC2A447966004D5127 /* TabBarPage.swift in Sources */ = {isa = PBXBuildFile; fileRef = 62304DBB2A447966004D5127 /* TabBarPage.swift */; };
		62304DBF2A447B8C004D5127 /* APIEndpoint.swift in Sources */ = {isa = PBXBuildFile; fileRef = 62304DBE2A447B8C004D5127 /* APIEndpoint.swift */; };
		62304DC22A447C0E004D5127 /* URLComponents + ext.swift in Sources */ = {isa = PBXBuildFile; fileRef = 62304DC12A447C0E004D5127 /* URLComponents + ext.swift */; };
		62304DC42A447C1E004D5127 /* URL + ext.swift in Sources */ = {isa = PBXBuildFile; fileRef = 62304DC32A447C1E004D5127 /* URL + ext.swift */; };
		62304DC62A447C8B004D5127 /* NetworkManager.swift in Sources */ = {isa = PBXBuildFile; fileRef = 62304DC52A447C8B004D5127 /* NetworkManager.swift */; };
		62304DC82A447CE5004D5127 /* NetworkError.swift in Sources */ = {isa = PBXBuildFile; fileRef = 62304DC72A447CE5004D5127 /* NetworkError.swift */; };
		62304DCB2A449271004D5127 /* FoodService.swift in Sources */ = {isa = PBXBuildFile; fileRef = 62304DCA2A449271004D5127 /* FoodService.swift */; };
		62304DCE2A44945C004D5127 /* FoodData.swift in Sources */ = {isa = PBXBuildFile; fileRef = 62304DCD2A44945C004D5127 /* FoodData.swift */; };
		62304DD02A44962E004D5127 /* DataCoder.swift in Sources */ = {isa = PBXBuildFile; fileRef = 62304DCF2A44962E004D5127 /* DataCoder.swift */; };
		62304DD32A449662004D5127 /* DataCodingError.swift in Sources */ = {isa = PBXBuildFile; fileRef = 62304DD22A449662004D5127 /* DataCodingError.swift */; };
		62304DD62A449B76004D5127 /* Food.swift in Sources */ = {isa = PBXBuildFile; fileRef = 62304DD52A449B76004D5127 /* Food.swift */; };
		62304DD92A455919004D5127 /* FoodCell.swift in Sources */ = {isa = PBXBuildFile; fileRef = 62304DD82A455919004D5127 /* FoodCell.swift */; };
/* End PBXBuildFile section */

/* Begin PBXFileReference section */
		62304D892A4450F1004D5127 /* PizzaHot.app */ = {isa = PBXFileReference; explicitFileType = wrapper.application; includeInIndex = 0; path = PizzaHot.app; sourceTree = BUILT_PRODUCTS_DIR; };
		62304D8C2A4450F1004D5127 /* AppDelegate.swift */ = {isa = PBXFileReference; lastKnownFileType = sourcecode.swift; path = AppDelegate.swift; sourceTree = "<group>"; };
		62304D8E2A4450F1004D5127 /* SceneDelegate.swift */ = {isa = PBXFileReference; lastKnownFileType = sourcecode.swift; path = SceneDelegate.swift; sourceTree = "<group>"; };
		62304D952A4450F2004D5127 /* Assets.xcassets */ = {isa = PBXFileReference; lastKnownFileType = folder.assetcatalog; path = Assets.xcassets; sourceTree = "<group>"; };
		62304D982A4450F2004D5127 /* Base */ = {isa = PBXFileReference; lastKnownFileType = file.storyboard; name = Base; path = Base.lproj/LaunchScreen.storyboard; sourceTree = "<group>"; };
		62304D9A2A4450F2004D5127 /* Info.plist */ = {isa = PBXFileReference; lastKnownFileType = text.plist.xml; path = Info.plist; sourceTree = "<group>"; };
		62304DA72A445399004D5127 /* MenuViewController.swift */ = {isa = PBXFileReference; lastKnownFileType = sourcecode.swift; path = MenuViewController.swift; sourceTree = "<group>"; };
		62304DA92A4453CC004D5127 /* MenuPresenter.swift */ = {isa = PBXFileReference; lastKnownFileType = sourcecode.swift; path = MenuPresenter.swift; sourceTree = "<group>"; };
		62304DAB2A4453DF004D5127 /* MenuInteractor.swift */ = {isa = PBXFileReference; lastKnownFileType = sourcecode.swift; path = MenuInteractor.swift; sourceTree = "<group>"; };
		62304DB02A44573C004D5127 /* AppRouter.swift */ = {isa = PBXFileReference; lastKnownFileType = sourcecode.swift; path = AppRouter.swift; sourceTree = "<group>"; };
		62304DB52A44666E004D5127 /* TabBarController.swift */ = {isa = PBXFileReference; lastKnownFileType = sourcecode.swift; path = TabBarController.swift; sourceTree = "<group>"; };
		62304DB82A4466BE004D5127 /* R.swift */ = {isa = PBXFileReference; lastKnownFileType = sourcecode.swift; path = R.swift; sourceTree = "<group>"; };
		62304DBB2A447966004D5127 /* TabBarPage.swift */ = {isa = PBXFileReference; lastKnownFileType = sourcecode.swift; path = TabBarPage.swift; sourceTree = "<group>"; };
		62304DBE2A447B8C004D5127 /* APIEndpoint.swift */ = {isa = PBXFileReference; lastKnownFileType = sourcecode.swift; path = APIEndpoint.swift; sourceTree = "<group>"; };
		62304DC12A447C0E004D5127 /* URLComponents + ext.swift */ = {isa = PBXFileReference; lastKnownFileType = sourcecode.swift; path = "URLComponents + ext.swift"; sourceTree = "<group>"; };
		62304DC32A447C1E004D5127 /* URL + ext.swift */ = {isa = PBXFileReference; lastKnownFileType = sourcecode.swift; path = "URL + ext.swift"; sourceTree = "<group>"; };
		62304DC52A447C8B004D5127 /* NetworkManager.swift */ = {isa = PBXFileReference; lastKnownFileType = sourcecode.swift; path = NetworkManager.swift; sourceTree = "<group>"; };
		62304DC72A447CE5004D5127 /* NetworkError.swift */ = {isa = PBXFileReference; lastKnownFileType = sourcecode.swift; path = NetworkError.swift; sourceTree = "<group>"; };
		62304DCA2A449271004D5127 /* FoodService.swift */ = {isa = PBXFileReference; lastKnownFileType = sourcecode.swift; path = FoodService.swift; sourceTree = "<group>"; };
		62304DCD2A44945C004D5127 /* FoodData.swift */ = {isa = PBXFileReference; lastKnownFileType = sourcecode.swift; path = FoodData.swift; sourceTree = "<group>"; };
		62304DCF2A44962E004D5127 /* DataCoder.swift */ = {isa = PBXFileReference; lastKnownFileType = sourcecode.swift; path = DataCoder.swift; sourceTree = "<group>"; };
		62304DD22A449662004D5127 /* DataCodingError.swift */ = {isa = PBXFileReference; lastKnownFileType = sourcecode.swift; path = DataCodingError.swift; sourceTree = "<group>"; };
		62304DD52A449B76004D5127 /* Food.swift */ = {isa = PBXFileReference; lastKnownFileType = sourcecode.swift; path = Food.swift; sourceTree = "<group>"; };
		62304DD82A455919004D5127 /* FoodCell.swift */ = {isa = PBXFileReference; lastKnownFileType = sourcecode.swift; path = FoodCell.swift; sourceTree = "<group>"; };
/* End PBXFileReference section */

/* Begin PBXFrameworksBuildPhase section */
		62304D862A4450F1004D5127 /* Frameworks */ = {
			isa = PBXFrameworksBuildPhase;
			buildActionMask = 2147483647;
			files = (
			);
			runOnlyForDeploymentPostprocessing = 0;
		};
/* End PBXFrameworksBuildPhase section */

/* Begin PBXGroup section */
		62304D802A4450F0004D5127 = {
			isa = PBXGroup;
			children = (
				62304D8B2A4450F1004D5127 /* PizzaHot */,
				62304D8A2A4450F1004D5127 /* Products */,
			);
			sourceTree = "<group>";
		};
		62304D8A2A4450F1004D5127 /* Products */ = {
			isa = PBXGroup;
			children = (
				62304D892A4450F1004D5127 /* PizzaHot.app */,
			);
			name = Products;
			sourceTree = "<group>";
		};
		62304D8B2A4450F1004D5127 /* PizzaHot */ = {
			isa = PBXGroup;
			children = (
				62304DA02A445125004D5127 /* Application */,
				62304DAF2A44572C004D5127 /* Routers */,
				62304DBA2A44794A004D5127 /* Shared */,
				62304DA22A4452BB004D5127 /* Modules */,
				62304DC92A44923B004D5127 /* Services */,
				62304DBD2A447B2F004D5127 /* Network */,
				62304DD12A449654004D5127 /* Errors */,
				62304DC02A447BF9004D5127 /* Extensions */,
				62304DB72A4466AC004D5127 /* Resources */,
				62304DA12A445135004D5127 /* Supporting Files */,
			);
			path = PizzaHot;
			sourceTree = "<group>";
		};
		62304DA02A445125004D5127 /* Application */ = {
			isa = PBXGroup;
			children = (
				62304D8C2A4450F1004D5127 /* AppDelegate.swift */,
				62304D8E2A4450F1004D5127 /* SceneDelegate.swift */,
			);
			path = Application;
			sourceTree = "<group>";
		};
		62304DA12A445135004D5127 /* Supporting Files */ = {
			isa = PBXGroup;
			children = (
				62304D952A4450F2004D5127 /* Assets.xcassets */,
				62304D972A4450F2004D5127 /* LaunchScreen.storyboard */,
				62304D9A2A4450F2004D5127 /* Info.plist */,
			);
			path = "Supporting Files";
			sourceTree = "<group>";
		};
		62304DA22A4452BB004D5127 /* Modules */ = {
			isa = PBXGroup;
			children = (
				62304DB42A446662004D5127 /* TabBar */,
				62304DA32A4452C5004D5127 /* Menu */,
			);
			path = Modules;
			sourceTree = "<group>";
		};
		62304DA32A4452C5004D5127 /* Menu */ = {
			isa = PBXGroup;
			children = (
				62304DD72A4558D6004D5127 /* Cell */,
				62304DD42A449B5C004D5127 /* Entities */,
				62304DA72A445399004D5127 /* MenuViewController.swift */,
				62304DA92A4453CC004D5127 /* MenuPresenter.swift */,
				62304DAB2A4453DF004D5127 /* MenuInteractor.swift */,
			);
			path = Menu;
			sourceTree = "<group>";
		};
		62304DAF2A44572C004D5127 /* Routers */ = {
			isa = PBXGroup;
			children = (
				62304DB02A44573C004D5127 /* AppRouter.swift */,
			);
			path = Routers;
			sourceTree = "<group>";
		};
		62304DB42A446662004D5127 /* TabBar */ = {
			isa = PBXGroup;
			children = (
				62304DB52A44666E004D5127 /* TabBarController.swift */,
			);
			path = TabBar;
			sourceTree = "<group>";
		};
		62304DB72A4466AC004D5127 /* Resources */ = {
			isa = PBXGroup;
			children = (
				62304DB82A4466BE004D5127 /* R.swift */,
			);
			path = Resources;
			sourceTree = "<group>";
		};
		62304DBA2A44794A004D5127 /* Shared */ = {
			isa = PBXGroup;
			children = (
				62304DCF2A44962E004D5127 /* DataCoder.swift */,
				62304DBB2A447966004D5127 /* TabBarPage.swift */,
			);
			path = Shared;
			sourceTree = "<group>";
		};
		62304DBD2A447B2F004D5127 /* Network */ = {
			isa = PBXGroup;
			children = (
				62304DBE2A447B8C004D5127 /* APIEndpoint.swift */,
				62304DC52A447C8B004D5127 /* NetworkManager.swift */,
			);
			path = Network;
			sourceTree = "<group>";
		};
		62304DC02A447BF9004D5127 /* Extensions */ = {
			isa = PBXGroup;
			children = (
				62304DC12A447C0E004D5127 /* URLComponents + ext.swift */,
				62304DC32A447C1E004D5127 /* URL + ext.swift */,
			);
			path = Extensions;
			sourceTree = "<group>";
		};
		62304DC92A44923B004D5127 /* Services */ = {
			isa = PBXGroup;
			children = (
				62304DCC2A449440004D5127 /* APIModels */,
				62304DCA2A449271004D5127 /* FoodService.swift */,
			);
			path = Services;
			sourceTree = "<group>";
		};
		62304DCC2A449440004D5127 /* APIModels */ = {
			isa = PBXGroup;
			children = (
				62304DCD2A44945C004D5127 /* FoodData.swift */,
			);
			path = APIModels;
			sourceTree = "<group>";
		};
		62304DD12A449654004D5127 /* Errors */ = {
			isa = PBXGroup;
			children = (
				62304DC72A447CE5004D5127 /* NetworkError.swift */,
				62304DD22A449662004D5127 /* DataCodingError.swift */,
			);
			path = Errors;
			sourceTree = "<group>";
		};
		62304DD42A449B5C004D5127 /* Entities */ = {
			isa = PBXGroup;
			children = (
				62304DD52A449B76004D5127 /* Food.swift */,
			);
			path = Entities;
			sourceTree = "<group>";
		};
		62304DD72A4558D6004D5127 /* Cell */ = {
			isa = PBXGroup;
			children = (
				62304DD82A455919004D5127 /* FoodCell.swift */,
			);
			path = Cell;
			sourceTree = "<group>";
		};
/* End PBXGroup section */

/* Begin PBXNativeTarget section */
		62304D882A4450F1004D5127 /* PizzaHot */ = {
			isa = PBXNativeTarget;
			buildConfigurationList = 62304D9D2A4450F2004D5127 /* Build configuration list for PBXNativeTarget "PizzaHot" */;
			buildPhases = (
				62304D852A4450F1004D5127 /* Sources */,
				62304D862A4450F1004D5127 /* Frameworks */,
				62304D872A4450F1004D5127 /* Resources */,
			);
			buildRules = (
			);
			dependencies = (
			);
			name = PizzaHot;
			productName = PizzaHot;
			productReference = 62304D892A4450F1004D5127 /* PizzaHot.app */;
			productType = "com.apple.product-type.application";
		};
/* End PBXNativeTarget section */

/* Begin PBXProject section */
		62304D812A4450F0004D5127 /* Project object */ = {
			isa = PBXProject;
			attributes = {
				BuildIndependentTargetsInParallel = 1;
				LastSwiftUpdateCheck = 1430;
				LastUpgradeCheck = 1430;
				TargetAttributes = {
					62304D882A4450F1004D5127 = {
						CreatedOnToolsVersion = 14.3;
					};
				};
			};
			buildConfigurationList = 62304D842A4450F0004D5127 /* Build configuration list for PBXProject "PizzaHot" */;
			compatibilityVersion = "Xcode 14.0";
			developmentRegion = en;
			hasScannedForEncodings = 0;
			knownRegions = (
				en,
				Base,
			);
			mainGroup = 62304D802A4450F0004D5127;
			productRefGroup = 62304D8A2A4450F1004D5127 /* Products */;
			projectDirPath = "";
			projectRoot = "";
			targets = (
				62304D882A4450F1004D5127 /* PizzaHot */,
			);
		};
/* End PBXProject section */

/* Begin PBXResourcesBuildPhase section */
		62304D872A4450F1004D5127 /* Resources */ = {
			isa = PBXResourcesBuildPhase;
			buildActionMask = 2147483647;
			files = (
				62304D992A4450F2004D5127 /* LaunchScreen.storyboard in Resources */,
				62304D962A4450F2004D5127 /* Assets.xcassets in Resources */,
			);
			runOnlyForDeploymentPostprocessing = 0;
		};
/* End PBXResourcesBuildPhase section */

/* Begin PBXSourcesBuildPhase section */
		62304D852A4450F1004D5127 /* Sources */ = {
			isa = PBXSourcesBuildPhase;
			buildActionMask = 2147483647;
			files = (
				62304DAC2A4453DF004D5127 /* MenuInteractor.swift in Sources */,
				62304DC82A447CE5004D5127 /* NetworkError.swift in Sources */,
				62304DC22A447C0E004D5127 /* URLComponents + ext.swift in Sources */,
				62304DD32A449662004D5127 /* DataCodingError.swift in Sources */,
				62304D8D2A4450F1004D5127 /* AppDelegate.swift in Sources */,
				62304DB62A44666E004D5127 /* TabBarController.swift in Sources */,
				62304DA82A445399004D5127 /* MenuViewController.swift in Sources */,
				62304D8F2A4450F1004D5127 /* SceneDelegate.swift in Sources */,
				62304DCB2A449271004D5127 /* FoodService.swift in Sources */,
				62304DB12A44573C004D5127 /* AppRouter.swift in Sources */,
				62304DBF2A447B8C004D5127 /* APIEndpoint.swift in Sources */,
				62304DC42A447C1E004D5127 /* URL + ext.swift in Sources */,
				62304DCE2A44945C004D5127 /* FoodData.swift in Sources */,
				62304DD62A449B76004D5127 /* Food.swift in Sources */,
				62304DAA2A4453CC004D5127 /* MenuPresenter.swift in Sources */,
				62304DBC2A447966004D5127 /* TabBarPage.swift in Sources */,
				62304DD02A44962E004D5127 /* DataCoder.swift in Sources */,
				62304DD92A455919004D5127 /* FoodCell.swift in Sources */,
				62304DC62A447C8B004D5127 /* NetworkManager.swift in Sources */,
				62304DB92A4466BE004D5127 /* R.swift in Sources */,
			);
			runOnlyForDeploymentPostprocessing = 0;
		};
/* End PBXSourcesBuildPhase section */

/* Begin PBXVariantGroup section */
		62304D972A4450F2004D5127 /* LaunchScreen.storyboard */ = {
			isa = PBXVariantGroup;
			children = (
				62304D982A4450F2004D5127 /* Base */,
			);
			name = LaunchScreen.storyboard;
			sourceTree = "<group>";
		};
/* End PBXVariantGroup section */

/* Begin XCBuildConfiguration section */
		62304D9B2A4450F2004D5127 /* Debug */ = {
			isa = XCBuildConfiguration;
			buildSettings = {
				ALWAYS_SEARCH_USER_PATHS = NO;
				CLANG_ANALYZER_NONNULL = YES;
				CLANG_ANALYZER_NUMBER_OBJECT_CONVERSION = YES_AGGRESSIVE;
				CLANG_CXX_LANGUAGE_STANDARD = "gnu++20";
				CLANG_ENABLE_MODULES = YES;
				CLANG_ENABLE_OBJC_ARC = YES;
				CLANG_ENABLE_OBJC_WEAK = YES;
				CLANG_WARN_BLOCK_CAPTURE_AUTORELEASING = YES;
				CLANG_WARN_BOOL_CONVERSION = YES;
				CLANG_WARN_COMMA = YES;
				CLANG_WARN_CONSTANT_CONVERSION = YES;
				CLANG_WARN_DEPRECATED_OBJC_IMPLEMENTATIONS = YES;
				CLANG_WARN_DIRECT_OBJC_ISA_USAGE = YES_ERROR;
				CLANG_WARN_DOCUMENTATION_COMMENTS = YES;
				CLANG_WARN_EMPTY_BODY = YES;
				CLANG_WARN_ENUM_CONVERSION = YES;
				CLANG_WARN_INFINITE_RECURSION = YES;
				CLANG_WARN_INT_CONVERSION = YES;
				CLANG_WARN_NON_LITERAL_NULL_CONVERSION = YES;
				CLANG_WARN_OBJC_IMPLICIT_RETAIN_SELF = YES;
				CLANG_WARN_OBJC_LITERAL_CONVERSION = YES;
				CLANG_WARN_OBJC_ROOT_CLASS = YES_ERROR;
				CLANG_WARN_QUOTED_INCLUDE_IN_FRAMEWORK_HEADER = YES;
				CLANG_WARN_RANGE_LOOP_ANALYSIS = YES;
				CLANG_WARN_STRICT_PROTOTYPES = YES;
				CLANG_WARN_SUSPICIOUS_MOVE = YES;
				CLANG_WARN_UNGUARDED_AVAILABILITY = YES_AGGRESSIVE;
				CLANG_WARN_UNREACHABLE_CODE = YES;
				CLANG_WARN__DUPLICATE_METHOD_MATCH = YES;
				COPY_PHASE_STRIP = NO;
				DEBUG_INFORMATION_FORMAT = dwarf;
				ENABLE_STRICT_OBJC_MSGSEND = YES;
				ENABLE_TESTABILITY = YES;
				GCC_C_LANGUAGE_STANDARD = gnu11;
				GCC_DYNAMIC_NO_PIC = NO;
				GCC_NO_COMMON_BLOCKS = YES;
				GCC_OPTIMIZATION_LEVEL = 0;
				GCC_PREPROCESSOR_DEFINITIONS = (
					"DEBUG=1",
					"$(inherited)",
				);
				GCC_WARN_64_TO_32_BIT_CONVERSION = YES;
				GCC_WARN_ABOUT_RETURN_TYPE = YES_ERROR;
				GCC_WARN_UNDECLARED_SELECTOR = YES;
				GCC_WARN_UNINITIALIZED_AUTOS = YES_AGGRESSIVE;
				GCC_WARN_UNUSED_FUNCTION = YES;
				GCC_WARN_UNUSED_VARIABLE = YES;
				IPHONEOS_DEPLOYMENT_TARGET = 16.4;
				MTL_ENABLE_DEBUG_INFO = INCLUDE_SOURCE;
				MTL_FAST_MATH = YES;
				ONLY_ACTIVE_ARCH = YES;
				SDKROOT = iphoneos;
				SWIFT_ACTIVE_COMPILATION_CONDITIONS = DEBUG;
				SWIFT_OPTIMIZATION_LEVEL = "-Onone";
			};
			name = Debug;
		};
		62304D9C2A4450F2004D5127 /* Release */ = {
			isa = XCBuildConfiguration;
			buildSettings = {
				ALWAYS_SEARCH_USER_PATHS = NO;
				CLANG_ANALYZER_NONNULL = YES;
				CLANG_ANALYZER_NUMBER_OBJECT_CONVERSION = YES_AGGRESSIVE;
				CLANG_CXX_LANGUAGE_STANDARD = "gnu++20";
				CLANG_ENABLE_MODULES = YES;
				CLANG_ENABLE_OBJC_ARC = YES;
				CLANG_ENABLE_OBJC_WEAK = YES;
				CLANG_WARN_BLOCK_CAPTURE_AUTORELEASING = YES;
				CLANG_WARN_BOOL_CONVERSION = YES;
				CLANG_WARN_COMMA = YES;
				CLANG_WARN_CONSTANT_CONVERSION = YES;
				CLANG_WARN_DEPRECATED_OBJC_IMPLEMENTATIONS = YES;
				CLANG_WARN_DIRECT_OBJC_ISA_USAGE = YES_ERROR;
				CLANG_WARN_DOCUMENTATION_COMMENTS = YES;
				CLANG_WARN_EMPTY_BODY = YES;
				CLANG_WARN_ENUM_CONVERSION = YES;
				CLANG_WARN_INFINITE_RECURSION = YES;
				CLANG_WARN_INT_CONVERSION = YES;
				CLANG_WARN_NON_LITERAL_NULL_CONVERSION = YES;
				CLANG_WARN_OBJC_IMPLICIT_RETAIN_SELF = YES;
				CLANG_WARN_OBJC_LITERAL_CONVERSION = YES;
				CLANG_WARN_OBJC_ROOT_CLASS = YES_ERROR;
				CLANG_WARN_QUOTED_INCLUDE_IN_FRAMEWORK_HEADER = YES;
				CLANG_WARN_RANGE_LOOP_ANALYSIS = YES;
				CLANG_WARN_STRICT_PROTOTYPES = YES;
				CLANG_WARN_SUSPICIOUS_MOVE = YES;
				CLANG_WARN_UNGUARDED_AVAILABILITY = YES_AGGRESSIVE;
				CLANG_WARN_UNREACHABLE_CODE = YES;
				CLANG_WARN__DUPLICATE_METHOD_MATCH = YES;
				COPY_PHASE_STRIP = NO;
				DEBUG_INFORMATION_FORMAT = "dwarf-with-dsym";
				ENABLE_NS_ASSERTIONS = NO;
				ENABLE_STRICT_OBJC_MSGSEND = YES;
				GCC_C_LANGUAGE_STANDARD = gnu11;
				GCC_NO_COMMON_BLOCKS = YES;
				GCC_WARN_64_TO_32_BIT_CONVERSION = YES;
				GCC_WARN_ABOUT_RETURN_TYPE = YES_ERROR;
				GCC_WARN_UNDECLARED_SELECTOR = YES;
				GCC_WARN_UNINITIALIZED_AUTOS = YES_AGGRESSIVE;
				GCC_WARN_UNUSED_FUNCTION = YES;
				GCC_WARN_UNUSED_VARIABLE = YES;
				IPHONEOS_DEPLOYMENT_TARGET = 16.4;
				MTL_ENABLE_DEBUG_INFO = NO;
				MTL_FAST_MATH = YES;
				SDKROOT = iphoneos;
				SWIFT_COMPILATION_MODE = wholemodule;
				SWIFT_OPTIMIZATION_LEVEL = "-O";
				VALIDATE_PRODUCT = YES;
			};
			name = Release;
		};
		62304D9E2A4450F2004D5127 /* Debug */ = {
			isa = XCBuildConfiguration;
			buildSettings = {
				ASSETCATALOG_COMPILER_APPICON_NAME = AppIcon;
				ASSETCATALOG_COMPILER_GLOBAL_ACCENT_COLOR_NAME = AccentColor;
				CODE_SIGN_STYLE = Automatic;
				CURRENT_PROJECT_VERSION = 1;
				DEVELOPMENT_TEAM = J846X7UY52;
				GENERATE_INFOPLIST_FILE = YES;
				INFOPLIST_FILE = "PizzaHot/Supporting Files/Info.plist";
				INFOPLIST_KEY_UIApplicationSupportsIndirectInputEvents = YES;
				INFOPLIST_KEY_UILaunchStoryboardName = LaunchScreen;
				INFOPLIST_KEY_UISupportedInterfaceOrientations = UIInterfaceOrientationPortrait;
				IPHONEOS_DEPLOYMENT_TARGET = 13.0;
				LD_RUNPATH_SEARCH_PATHS = (
					"$(inherited)",
					"@executable_path/Frameworks",
				);
				MARKETING_VERSION = 1.0;
				PRODUCT_BUNDLE_IDENTIFIER = com.zhiltsov.PizzaHot;
				PRODUCT_NAME = "$(TARGET_NAME)";
				SWIFT_EMIT_LOC_STRINGS = YES;
				SWIFT_VERSION = 5.0;
				TARGETED_DEVICE_FAMILY = "1,2";
			};
			name = Debug;
		};
		62304D9F2A4450F2004D5127 /* Release */ = {
			isa = XCBuildConfiguration;
			buildSettings = {
				ASSETCATALOG_COMPILER_APPICON_NAME = AppIcon;
				ASSETCATALOG_COMPILER_GLOBAL_ACCENT_COLOR_NAME = AccentColor;
				CODE_SIGN_STYLE = Automatic;
				CURRENT_PROJECT_VERSION = 1;
				DEVELOPMENT_TEAM = J846X7UY52;
				GENERATE_INFOPLIST_FILE = YES;
				INFOPLIST_FILE = "PizzaHot/Supporting Files/Info.plist";
				INFOPLIST_KEY_UIApplicationSupportsIndirectInputEvents = YES;
				INFOPLIST_KEY_UILaunchStoryboardName = LaunchScreen;
				INFOPLIST_KEY_UISupportedInterfaceOrientations = UIInterfaceOrientationPortrait;
				IPHONEOS_DEPLOYMENT_TARGET = 13.0;
				LD_RUNPATH_SEARCH_PATHS = (
					"$(inherited)",
					"@executable_path/Frameworks",
				);
				MARKETING_VERSION = 1.0;
				PRODUCT_BUNDLE_IDENTIFIER = com.zhiltsov.PizzaHot;
				PRODUCT_NAME = "$(TARGET_NAME)";
				SWIFT_EMIT_LOC_STRINGS = YES;
				SWIFT_VERSION = 5.0;
				TARGETED_DEVICE_FAMILY = "1,2";
			};
			name = Release;
		};
/* End XCBuildConfiguration section */

/* Begin XCConfigurationList section */
		62304D842A4450F0004D5127 /* Build configuration list for PBXProject "PizzaHot" */ = {
			isa = XCConfigurationList;
			buildConfigurations = (
				62304D9B2A4450F2004D5127 /* Debug */,
				62304D9C2A4450F2004D5127 /* Release */,
			);
			defaultConfigurationIsVisible = 0;
			defaultConfigurationName = Release;
		};
		62304D9D2A4450F2004D5127 /* Build configuration list for PBXNativeTarget "PizzaHot" */ = {
			isa = XCConfigurationList;
			buildConfigurations = (
				62304D9E2A4450F2004D5127 /* Debug */,
				62304D9F2A4450F2004D5127 /* Release */,
			);
			defaultConfigurationIsVisible = 0;
			defaultConfigurationName = Release;
		};
/* End XCConfigurationList section */
	};
	rootObject = 62304D812A4450F0004D5127 /* Project object */;
}
